
Microsoft Visual Studio Solution File, Format Version 12.00
# Visual Studio 15
VisualStudioVersion = 15.0.27130.2036
MinimumVisualStudioVersion = 10.0.40219.1
Project("{FAE04EC0-301F-11D3-BF4B-00C04F79EFBC}") = "ATM", "ATM\ATM.csproj", "{F767BDE6-F424-46E3-930B-92CF8BB0C4F9}"
EndProject
Project("{FAE04EC0-301F-11D3-BF4B-00C04F79EFBC}") = "ATM.Test.Unit", "ATM.Test.Unit\ATM.Test.Unit.csproj", "{649F8722-93E3-482A-AEBD-E54A4771C657}"
EndProject
Project("{FAE04EC0-301F-11D3-BF4B-00C04F79EFBC}") = "ATM.Test.Integration", "ATM.Test.Integration\ATM.Test.Integration.csproj", "{380A44C7-6158-4713-BCD4-F5C18FCC909E}"
EndProject
Project("{FAE04EC0-301F-11D3-BF4B-00C04F79EFBC}") = "ATM.Application", "ATM.Application\ATM.Application.csproj", "{33007FDD-3566-49CF-8C1B-F31F88777BAD}"
EndProject
Global
	GlobalSection(SolutionConfigurationPlatforms) = preSolution
		Debug|Any CPU = Debug|Any CPU
		Release|Any CPU = Release|Any CPU
	EndGlobalSection
	GlobalSection(ProjectConfigurationPlatforms) = postSolution
		{F767BDE6-F424-46E3-930B-92CF8BB0C4F9}.Debug|Any CPU.ActiveCfg = Debug|Any CPU
		{F767BDE6-F424-46E3-930B-92CF8BB0C4F9}.Debug|Any CPU.Build.0 = Debug|Any CPU
		{F767BDE6-F424-46E3-930B-92CF8BB0C4F9}.Release|Any CPU.ActiveCfg = Release|Any CPU
		{F767BDE6-F424-46E3-930B-92CF8BB0C4F9}.Release|Any CPU.Build.0 = Release|Any CPU
		{649F8722-93E3-482A-AEBD-E54A4771C657}.Debug|Any CPU.ActiveCfg = Debug|Any CPU
		{649F8722-93E3-482A-AEBD-E54A4771C657}.Debug|Any CPU.Build.0 = Debug|Any CPU
		{649F8722-93E3-482A-AEBD-E54A4771C657}.Release|Any CPU.ActiveCfg = Release|Any CPU
		{649F8722-93E3-482A-AEBD-E54A4771C657}.Release|Any CPU.Build.0 = Release|Any CPU
		{380A44C7-6158-4713-BCD4-F5C18FCC909E}.Debug|Any CPU.ActiveCfg = Debug|Any CPU
		{380A44C7-6158-4713-BCD4-F5C18FCC909E}.Debug|Any CPU.Build.0 = Debug|Any CPU
		{380A44C7-6158-4713-BCD4-F5C18FCC909E}.Release|Any CPU.ActiveCfg = Release|Any CPU
		{380A44C7-6158-4713-BCD4-F5C18FCC909E}.Release|Any CPU.Build.0 = Release|Any CPU
		{33007FDD-3566-49CF-8C1B-F31F88777BAD}.Debug|Any CPU.ActiveCfg = Debug|Any CPU
		{33007FDD-3566-49CF-8C1B-F31F88777BAD}.Debug|Any CPU.Build.0 = Debug|Any CPU
		{33007FDD-3566-49CF-8C1B-F31F88777BAD}.Release|Any CPU.ActiveCfg = Release|Any CPU
		{33007FDD-3566-49CF-8C1B-F31F88777BAD}.Release|Any CPU.Build.0 = Release|Any CPU
	EndGlobalSection
	GlobalSection(SolutionProperties) = preSolution
		HideSolutionNode = FALSE
	EndGlobalSection
	GlobalSection(ExtensibilityGlobals) = postSolution
		SolutionGuid = {E16DED90-A8BE-44FF-B028-7BC725239FA6}
	EndGlobalSection
EndGlobal
